// !$*UTF8*$!
{
	archiveVersion = 1;
	classes = {
	};
	objectVersion = 56;
	objects = {

/* Begin PBXBuildFile section */
		09432DDC294E6D0900A2DAFD /* CategoryView.swift in Sources */ = {isa = PBXBuildFile; fileRef = 09432DDB294E6D0900A2DAFD /* CategoryView.swift */; };
		09432DDE294E79D600A2DAFD /* CategoryRowView.swift in Sources */ = {isa = PBXBuildFile; fileRef = 09432DDD294E79D500A2DAFD /* CategoryRowView.swift */; };
		09C37BFF29489B1000D4D2F8 /* Landmark2App.swift in Sources */ = {isa = PBXBuildFile; fileRef = 09C37BFE29489B1000D4D2F8 /* Landmark2App.swift */; };
		09C37C0129489B1100D4D2F8 /* ContentView.swift in Sources */ = {isa = PBXBuildFile; fileRef = 09C37C0029489B1100D4D2F8 /* ContentView.swift */; };
		09C37C0329489B1900D4D2F8 /* Assets.xcassets in Resources */ = {isa = PBXBuildFile; fileRef = 09C37C0229489B1900D4D2F8 /* Assets.xcassets */; };
		09C37C0629489B1900D4D2F8 /* Preview Assets.xcassets in Resources */ = {isa = PBXBuildFile; fileRef = 09C37C0529489B1900D4D2F8 /* Preview Assets.xcassets */; };
		09C37C0D29489C7A00D4D2F8 /* CircularImage.swift in Sources */ = {isa = PBXBuildFile; fileRef = 09C37C0C29489C7A00D4D2F8 /* CircularImage.swift */; };
		09C37C0F29489E1500D4D2F8 /* MapView.swift in Sources */ = {isa = PBXBuildFile; fileRef = 09C37C0E29489E1500D4D2F8 /* MapView.swift */; };
		09C37C112948A44B00D4D2F8 /* Landmark.swift in Sources */ = {isa = PBXBuildFile; fileRef = 09C37C102948A44B00D4D2F8 /* Landmark.swift */; };
		09C37C132948A70100D4D2F8 /* landmarkData.json in Resources */ = {isa = PBXBuildFile; fileRef = 09C37C122948A70100D4D2F8 /* landmarkData.json */; };
		09C37C152948A72B00D4D2F8 /* JSONParser.swift in Sources */ = {isa = PBXBuildFile; fileRef = 09C37C142948A72B00D4D2F8 /* JSONParser.swift */; };
		09C37C172948A88000D4D2F8 /* LandmarkRow.swift in Sources */ = {isa = PBXBuildFile; fileRef = 09C37C162948A87F00D4D2F8 /* LandmarkRow.swift */; };
		09C37C192948AAEC00D4D2F8 /* LandmarkList.swift in Sources */ = {isa = PBXBuildFile; fileRef = 09C37C182948AAEC00D4D2F8 /* LandmarkList.swift */; };
/* End PBXBuildFile section */

/* Begin PBXFileReference section */
		09432DDB294E6D0900A2DAFD /* CategoryView.swift */ = {isa = PBXFileReference; lastKnownFileType = sourcecode.swift; path = CategoryView.swift; sourceTree = "<group>"; };
		09432DDD294E79D500A2DAFD /* CategoryRowView.swift */ = {isa = PBXFileReference; lastKnownFileType = sourcecode.swift; path = CategoryRowView.swift; sourceTree = "<group>"; };
		09C37BFB29489B1000D4D2F8 /* Landmark2.app */ = {isa = PBXFileReference; explicitFileType = wrapper.application; includeInIndex = 0; path = Landmark2.app; sourceTree = BUILT_PRODUCTS_DIR; };
		09C37BFE29489B1000D4D2F8 /* Landmark2App.swift */ = {isa = PBXFileReference; lastKnownFileType = sourcecode.swift; path = Landmark2App.swift; sourceTree = "<group>"; };
		09C37C0029489B1100D4D2F8 /* ContentView.swift */ = {isa = PBXFileReference; lastKnownFileType = sourcecode.swift; path = ContentView.swift; sourceTree = "<group>"; };
		09C37C0229489B1900D4D2F8 /* Assets.xcassets */ = {isa = PBXFileReference; lastKnownFileType = folder.assetcatalog; path = Assets.xcassets; sourceTree = "<group>"; };
		09C37C0529489B1900D4D2F8 /* Preview Assets.xcassets */ = {isa = PBXFileReference; lastKnownFileType = folder.assetcatalog; path = "Preview Assets.xcassets"; sourceTree = "<group>"; };
		09C37C0C29489C7A00D4D2F8 /* CircularImage.swift */ = {isa = PBXFileReference; lastKnownFileType = sourcecode.swift; path = CircularImage.swift; sourceTree = "<group>"; };
		09C37C0E29489E1500D4D2F8 /* MapView.swift */ = {isa = PBXFileReference; lastKnownFileType = sourcecode.swift; path = MapView.swift; sourceTree = "<group>"; };
		09C37C102948A44B00D4D2F8 /* Landmark.swift */ = {isa = PBXFileReference; lastKnownFileType = sourcecode.swift; path = Landmark.swift; sourceTree = "<group>"; };
		09C37C122948A70100D4D2F8 /* landmarkData.json */ = {isa = PBXFileReference; fileEncoding = 4; lastKnownFileType = text.json; name = landmarkData.json; path = ../../../Downloads/landmarkData.json; sourceTree = "<group>"; };
		09C37C142948A72B00D4D2F8 /* JSONParser.swift */ = {isa = PBXFileReference; lastKnownFileType = sourcecode.swift; path = JSONParser.swift; sourceTree = "<group>"; };
		09C37C162948A87F00D4D2F8 /* LandmarkRow.swift */ = {isa = PBXFileReference; lastKnownFileType = sourcecode.swift; path = LandmarkRow.swift; sourceTree = "<group>"; };
		09C37C182948AAEC00D4D2F8 /* LandmarkList.swift */ = {isa = PBXFileReference; lastKnownFileType = sourcecode.swift; path = LandmarkList.swift; sourceTree = "<group>"; };
/* End PBXFileReference section */

/* Begin PBXFrameworksBuildPhase section */
		09C37BF829489B1000D4D2F8 /* Frameworks */ = {
			isa = PBXFrameworksBuildPhase;
			buildActionMask = 2147483647;
			files = (
			);
			runOnlyForDeploymentPostprocessing = 0;
		};
/* End PBXFrameworksBuildPhase section */

/* Begin PBXGroup section */
		09C37BF229489B1000D4D2F8 = {
			isa = PBXGroup;
			children = (
				09C37BFD29489B1000D4D2F8 /* Landmark2 */,
				09C37BFC29489B1000D4D2F8 /* Products */,
			);
			sourceTree = "<group>";
		};
		09C37BFC29489B1000D4D2F8 /* Products */ = {
			isa = PBXGroup;
			children = (
				09C37BFB29489B1000D4D2F8 /* Landmark2.app */,
			);
			name = Products;
			sourceTree = "<group>";
		};
		09C37BFD29489B1000D4D2F8 /* Landmark2 */ = {
			isa = PBXGroup;
			children = (
				09C37C122948A70100D4D2F8 /* landmarkData.json */,
				09C37BFE29489B1000D4D2F8 /* Landmark2App.swift */,
				09432DDB294E6D0900A2DAFD /* CategoryView.swift */,
				09432DDD294E79D500A2DAFD /* CategoryRowView.swift */,
				09C37C0029489B1100D4D2F8 /* ContentView.swift */,
				09C37C102948A44B00D4D2F8 /* Landmark.swift */,
				09C37C142948A72B00D4D2F8 /* JSONParser.swift */,
				09C37C162948A87F00D4D2F8 /* LandmarkRow.swift */,
				09C37C182948AAEC00D4D2F8 /* LandmarkList.swift */,
				09C37C0E29489E1500D4D2F8 /* MapView.swift */,
				09C37C0C29489C7A00D4D2F8 /* CircularImage.swift */,
				09C37C0229489B1900D4D2F8 /* Assets.xcassets */,
				09C37C0429489B1900D4D2F8 /* Preview Content */,
			);
			path = Landmark2;
			sourceTree = "<group>";
		};
		09C37C0429489B1900D4D2F8 /* Preview Content */ = {
			isa = PBXGroup;
			children = (
				09C37C0529489B1900D4D2F8 /* Preview Assets.xcassets */,
			);
			path = "Preview Content";
			sourceTree = "<group>";
		};
/* End PBXGroup section */

/* Begin PBXNativeTarget section */
		09C37BFA29489B1000D4D2F8 /* Landmark2 */ = {
			isa = PBXNativeTarget;
			buildConfigurationList = 09C37C0929489B1900D4D2F8 /* Build configuration list for PBXNativeTarget "Landmark2" */;
			buildPhases = (
				09C37BF729489B1000D4D2F8 /* Sources */,
				09C37BF829489B1000D4D2F8 /* Frameworks */,
				09C37BF929489B1000D4D2F8 /* Resources */,
			);
			buildRules = (
			);
			dependencies = (
			);
			name = Landmark2;
			productName = Landmark2;
			productReference = 09C37BFB29489B1000D4D2F8 /* Landmark2.app */;
			productType = "com.apple.product-type.application";
		};
/* End PBXNativeTarget section */

/* Begin PBXProject section */
		09C37BF329489B1000D4D2F8 /* Project object */ = {
			isa = PBXProject;
			attributes = {
				BuildIndependentTargetsInParallel = 1;
				LastSwiftUpdateCheck = 1410;
				LastUpgradeCheck = 1410;
				TargetAttributes = {
					09C37BFA29489B1000D4D2F8 = {
						CreatedOnToolsVersion = 14.1;
					};
				};
			};
			buildConfigurationList = 09C37BF629489B1000D4D2F8 /* Build configuration list for PBXProject "Landmark2" */;
			compatibilityVersion = "Xcode 14.0";
			developmentRegion = en;
			hasScannedForEncodings = 0;
			knownRegions = (
				en,
				Base,
			);
			mainGroup = 09C37BF229489B1000D4D2F8;
			productRefGroup = 09C37BFC29489B1000D4D2F8 /* Products */;
			projectDirPath = "";
			projectRoot = "";
			targets = (
				09C37BFA29489B1000D4D2F8 /* Landmark2 */,
			);
		};
/* End PBXProject section */

/* Begin PBXResourcesBuildPhase section */
		09C37BF929489B1000D4D2F8 /* Resources */ = {
			isa = PBXResourcesBuildPhase;
			buildActionMask = 2147483647;
			files = (
				09C37C0629489B1900D4D2F8 /* Preview Assets.xcassets in Resources */,
				09C37C0329489B1900D4D2F8 /* Assets.xcassets in Resources */,
				09C37C132948A70100D4D2F8 /* landmarkData.json in Resources */,
			);
			runOnlyForDeploymentPostprocessing = 0;
		};
/* End PBXResourcesBuildPhase section */

/* Begin PBXSourcesBuildPhase section */
		09C37BF729489B1000D4D2F8 /* Sources */ = {
			isa = PBXSourcesBuildPhase;
			buildActionMask = 2147483647;
			files = (
				09C37C0129489B1100D4D2F8 /* ContentView.swift in Sources */,
				09432DDE294E79D600A2DAFD /* CategoryRowView.swift in Sources */,
				09C37C0F29489E1500D4D2F8 /* MapView.swift in Sources */,
				09C37C152948A72B00D4D2F8 /* JSONParser.swift in Sources */,
				09C37C192948AAEC00D4D2F8 /* LandmarkList.swift in Sources */,
				09C37BFF29489B1000D4D2F8 /* Landmark2App.swift in Sources */,
				09C37C0D29489C7A00D4D2F8 /* CircularImage.swift in Sources */,
				09C37C172948A88000D4D2F8 /* LandmarkRow.swift in Sources */,
				09C37C112948A44B00D4D2F8 /* Landmark.swift in Sources */,
				09432DDC294E6D0900A2DAFD /* CategoryView.swift in Sources */,
			);
			runOnlyForDeploymentPostprocessing = 0;
		};
/* End PBXSourcesBuildPhase section */

/* Begin XCBuildConfiguration section */
		09C37C0729489B1900D4D2F8 /* Debug */ = {
			isa = XCBuildConfiguration;
			buildSettings = {
				ALWAYS_SEARCH_USER_PATHS = NO;
				CLANG_ANALYZER_NONNULL = YES;
				CLANG_ANALYZER_NUMBER_OBJECT_CONVERSION = YES_AGGRESSIVE;
				CLANG_CXX_LANGUAGE_STANDARD = "gnu++20";
				CLANG_ENABLE_MODULES = YES;
				CLANG_ENABLE_OBJC_ARC = YES;
				CLANG_ENABLE_OBJC_WEAK = YES;
				CLANG_WARN_BLOCK_CAPTURE_AUTORELEASING = YES;
				CLANG_WARN_BOOL_CONVERSION = YES;
				CLANG_WARN_COMMA = YES;
				CLANG_WARN_CONSTANT_CONVERSION = YES;
				CLANG_WARN_DEPRECATED_OBJC_IMPLEMENTATIONS = YES;
				CLANG_WARN_DIRECT_OBJC_ISA_USAGE = YES_ERROR;
				CLANG_WARN_DOCUMENTATION_COMMENTS = YES;
				CLANG_WARN_EMPTY_BODY = YES;
				CLANG_WARN_ENUM_CONVERSION = YES;
				CLANG_WARN_INFINITE_RECURSION = YES;
				CLANG_WARN_INT_CONVERSION = YES;
				CLANG_WARN_NON_LITERAL_NULL_CONVERSION = YES;
				CLANG_WARN_OBJC_IMPLICIT_RETAIN_SELF = YES;
				CLANG_WARN_OBJC_LITERAL_CONVERSION = YES;
				CLANG_WARN_OBJC_ROOT_CLASS = YES_ERROR;
				CLANG_WARN_QUOTED_INCLUDE_IN_FRAMEWORK_HEADER = YES;
				CLANG_WARN_RANGE_LOOP_ANALYSIS = YES;
				CLANG_WARN_STRICT_PROTOTYPES = YES;
				CLANG_WARN_SUSPICIOUS_MOVE = YES;
				CLANG_WARN_UNGUARDED_AVAILABILITY = YES_AGGRESSIVE;
				CLANG_WARN_UNREACHABLE_CODE = YES;
				CLANG_WARN__DUPLICATE_METHOD_MATCH = YES;
				COPY_PHASE_STRIP = NO;
				DEBUG_INFORMATION_FORMAT = dwarf;
				ENABLE_STRICT_OBJC_MSGSEND = YES;
				ENABLE_TESTABILITY = YES;
				GCC_C_LANGUAGE_STANDARD = gnu11;
				GCC_DYNAMIC_NO_PIC = NO;
				GCC_NO_COMMON_BLOCKS = YES;
				GCC_OPTIMIZATION_LEVEL = 0;
				GCC_PREPROCESSOR_DEFINITIONS = (
					"DEBUG=1",
					"$(inherited)",
				);
				GCC_WARN_64_TO_32_BIT_CONVERSION = YES;
				GCC_WARN_ABOUT_RETURN_TYPE = YES_ERROR;
				GCC_WARN_UNDECLARED_SELECTOR = YES;
				GCC_WARN_UNINITIALIZED_AUTOS = YES_AGGRESSIVE;
				GCC_WARN_UNUSED_FUNCTION = YES;
				GCC_WARN_UNUSED_VARIABLE = YES;
				IPHONEOS_DEPLOYMENT_TARGET = 16.1;
				MTL_ENABLE_DEBUG_INFO = INCLUDE_SOURCE;
				MTL_FAST_MATH = YES;
				ONLY_ACTIVE_ARCH = YES;
				SDKROOT = iphoneos;
				SWIFT_ACTIVE_COMPILATION_CONDITIONS = DEBUG;
				SWIFT_OPTIMIZATION_LEVEL = "-Onone";
			};
			name = Debug;
		};
		09C37C0829489B1900D4D2F8 /* Release */ = {
			isa = XCBuildConfiguration;
			buildSettings = {
				ALWAYS_SEARCH_USER_PATHS = NO;
				CLANG_ANALYZER_NONNULL = YES;
				CLANG_ANALYZER_NUMBER_OBJECT_CONVERSION = YES_AGGRESSIVE;
				CLANG_CXX_LANGUAGE_STANDARD = "gnu++20";
				CLANG_ENABLE_MODULES = YES;
				CLANG_ENABLE_OBJC_ARC = YES;
				CLANG_ENABLE_OBJC_WEAK = YES;
				CLANG_WARN_BLOCK_CAPTURE_AUTORELEASING = YES;
				CLANG_WARN_BOOL_CONVERSION = YES;
				CLANG_WARN_COMMA = YES;
				CLANG_WARN_CONSTANT_CONVERSION = YES;
				CLANG_WARN_DEPRECATED_OBJC_IMPLEMENTATIONS = YES;
				CLANG_WARN_DIRECT_OBJC_ISA_USAGE = YES_ERROR;
				CLANG_WARN_DOCUMENTATION_COMMENTS = YES;
				CLANG_WARN_EMPTY_BODY = YES;
				CLANG_WARN_ENUM_CONVERSION = YES;
				CLANG_WARN_INFINITE_RECURSION = YES;
				CLANG_WARN_INT_CONVERSION = YES;
				CLANG_WARN_NON_LITERAL_NULL_CONVERSION = YES;
				CLANG_WARN_OBJC_IMPLICIT_RETAIN_SELF = YES;
				CLANG_WARN_OBJC_LITERAL_CONVERSION = YES;
				CLANG_WARN_OBJC_ROOT_CLASS = YES_ERROR;
				CLANG_WARN_QUOTED_INCLUDE_IN_FRAMEWORK_HEADER = YES;
				CLANG_WARN_RANGE_LOOP_ANALYSIS = YES;
				CLANG_WARN_STRICT_PROTOTYPES = YES;
				CLANG_WARN_SUSPICIOUS_MOVE = YES;
				CLANG_WARN_UNGUARDED_AVAILABILITY = YES_AGGRESSIVE;
				CLANG_WARN_UNREACHABLE_CODE = YES;
				CLANG_WARN__DUPLICATE_METHOD_MATCH = YES;
				COPY_PHASE_STRIP = NO;
				DEBUG_INFORMATION_FORMAT = "dwarf-with-dsym";
				ENABLE_NS_ASSERTIONS = NO;
				ENABLE_STRICT_OBJC_MSGSEND = YES;
				GCC_C_LANGUAGE_STANDARD = gnu11;
				GCC_NO_COMMON_BLOCKS = YES;
				GCC_WARN_64_TO_32_BIT_CONVERSION = YES;
				GCC_WARN_ABOUT_RETURN_TYPE = YES_ERROR;
				GCC_WARN_UNDECLARED_SELECTOR = YES;
				GCC_WARN_UNINITIALIZED_AUTOS = YES_AGGRESSIVE;
				GCC_WARN_UNUSED_FUNCTION = YES;
				GCC_WARN_UNUSED_VARIABLE = YES;
				IPHONEOS_DEPLOYMENT_TARGET = 16.1;
				MTL_ENABLE_DEBUG_INFO = NO;
				MTL_FAST_MATH = YES;
				SDKROOT = iphoneos;
				SWIFT_COMPILATION_MODE = wholemodule;
				SWIFT_OPTIMIZATION_LEVEL = "-O";
				VALIDATE_PRODUCT = YES;
			};
			name = Release;
		};
		09C37C0A29489B1900D4D2F8 /* Debug */ = {
			isa = XCBuildConfiguration;
			buildSettings = {
				ASSETCATALOG_COMPILER_APPICON_NAME = AppIcon;
				ASSETCATALOG_COMPILER_GLOBAL_ACCENT_COLOR_NAME = AccentColor;
				CODE_SIGN_STYLE = Automatic;
				CURRENT_PROJECT_VERSION = 1;
				DEVELOPMENT_ASSET_PATHS = "\"Landmark2/Preview Content\"";
				ENABLE_PREVIEWS = YES;
				GENERATE_INFOPLIST_FILE = YES;
				INFOPLIST_KEY_UIApplicationSceneManifest_Generation = YES;
				INFOPLIST_KEY_UIApplicationSupportsIndirectInputEvents = YES;
				INFOPLIST_KEY_UILaunchScreen_Generation = YES;
				INFOPLIST_KEY_UISupportedInterfaceOrientations_iPad = "UIInterfaceOrientationPortrait UIInterfaceOrientationPortraitUpsideDown UIInterfaceOrientationLandscapeLeft UIInterfaceOrientationLandscapeRight";
				INFOPLIST_KEY_UISupportedInterfaceOrientations_iPhone = "UIInterfaceOrientationPortrait UIInterfaceOrientationLandscapeLeft UIInterfaceOrientationLandscapeRight";
				LD_RUNPATH_SEARCH_PATHS = (
					"$(inherited)",
					"@executable_path/Frameworks",
				);
				MARKETING_VERSION = 1.0;
				PRODUCT_BUNDLE_IDENTIFIER = me.Obuka2022.landmark2.Landmark2;
				PRODUCT_NAME = "$(TARGET_NAME)";
				SWIFT_EMIT_LOC_STRINGS = YES;
				SWIFT_VERSION = 5.0;
				TARGETED_DEVICE_FAMILY = "1,2";
			};
			name = Debug;
		};
		09C37C0B29489B1900D4D2F8 /* Release */ = {
			isa = XCBuildConfiguration;
			buildSettings = {
				ASSETCATALOG_COMPILER_APPICON_NAME = AppIcon;
				ASSETCATALOG_COMPILER_GLOBAL_ACCENT_COLOR_NAME = AccentColor;
				CODE_SIGN_STYLE = Automatic;
				CURRENT_PROJECT_VERSION = 1;
				DEVELOPMENT_ASSET_PATHS = "\"Landmark2/Preview Content\"";
				ENABLE_PREVIEWS = YES;
				GENERATE_INFOPLIST_FILE = YES;
				INFOPLIST_KEY_UIApplicationSceneManifest_Generation = YES;
				INFOPLIST_KEY_UIApplicationSupportsIndirectInputEvents = YES;
				INFOPLIST_KEY_UILaunchScreen_Generation = YES;
				INFOPLIST_KEY_UISupportedInterfaceOrientations_iPad = "UIInterfaceOrientationPortrait UIInterfaceOrientationPortraitUpsideDown UIInterfaceOrientationLandscapeLeft UIInterfaceOrientationLandscapeRight";
				INFOPLIST_KEY_UISupportedInterfaceOrientations_iPhone = "UIInterfaceOrientationPortrait UIInterfaceOrientationLandscapeLeft UIInterfaceOrientationLandscapeRight";
				LD_RUNPATH_SEARCH_PATHS = (
					"$(inherited)",
					"@executable_path/Frameworks",
				);
				MARKETING_VERSION = 1.0;
				PRODUCT_BUNDLE_IDENTIFIER = me.Obuka2022.landmark2.Landmark2;
				PRODUCT_NAME = "$(TARGET_NAME)";
				SWIFT_EMIT_LOC_STRINGS = YES;
				SWIFT_VERSION = 5.0;
				TARGETED_DEVICE_FAMILY = "1,2";
			};
			name = Release;
		};
/* End XCBuildConfiguration section */

/* Begin XCConfigurationList section */
		09C37BF629489B1000D4D2F8 /* Build configuration list for PBXProject "Landmark2" */ = {
			isa = XCConfigurationList;
			buildConfigurations = (
				09C37C0729489B1900D4D2F8 /* Debug */,
				09C37C0829489B1900D4D2F8 /* Release */,
			);
			defaultConfigurationIsVisible = 0;
			defaultConfigurationName = Release;
		};
		09C37C0929489B1900D4D2F8 /* Build configuration list for PBXNativeTarget "Landmark2" */ = {
			isa = XCConfigurationList;
			buildConfigurations = (
				09C37C0A29489B1900D4D2F8 /* Debug */,
				09C37C0B29489B1900D4D2F8 /* Release */,
			);
			defaultConfigurationIsVisible = 0;
			defaultConfigurationName = Release;
		};
/* End XCConfigurationList section */
	};
	rootObject = 09C37BF329489B1000D4D2F8 /* Project object */;
}
